
Microsoft Visual Studio Solution File, Format Version 12.00
# Visual Studio Version 17
VisualStudioVersion = 17.4.33103.184
MinimumVisualStudioVersion = 10.0.40219.1
Project("{9A19103F-16F7-4668-BE54-9A1E7A4F7556}") = "Module4", "Module4\Module4.csproj", "{1E1E72C8-B4AD-425C-BE71-A4D9FE3D9729}"
EndProject
Project("{9A19103F-16F7-4668-BE54-9A1E7A4F7556}") = "Module5", "Module5\Module5.csproj", "{AC86C2F6-DD1F-4F77-9BBF-1FDEF4DD7D7A}"
EndProject
Project("{9A19103F-16F7-4668-BE54-9A1E7A4F7556}") = "Module7", "Module7\Module7.csproj", "{59F18635-BF1B-40AC-82BA-F25C1675CE1F}"
EndProject
Project("{9A19103F-16F7-4668-BE54-9A1E7A4F7556}") = "Module8", "Module8\Module8.csproj", "{F38EC673-50F9-4AE0-BC78-3950323C73CF}"
EndProject
Project("{9A19103F-16F7-4668-BE54-9A1E7A4F7556}") = "Module9", "Module9\Module9.csproj", "{960EA73C-A74F-4308-84BC-8428274555C3}"
EndProject
Project("{FAE04EC0-301F-11D3-BF4B-00C04F79EFBC}") = "Module10", "Module10\Module10.csproj", "{F59540B8-1159-40EE-A164-71287C0DB098}"
EndProject
Global
	GlobalSection(SolutionConfigurationPlatforms) = preSolution
		Debug|Any CPU = Debug|Any CPU
		Release|Any CPU = Release|Any CPU
	EndGlobalSection
	GlobalSection(ProjectConfigurationPlatforms) = postSolution
		{1E1E72C8-B4AD-425C-BE71-A4D9FE3D9729}.Debug|Any CPU.ActiveCfg = Debug|Any CPU
		{1E1E72C8-B4AD-425C-BE71-A4D9FE3D9729}.Debug|Any CPU.Build.0 = Debug|Any CPU
		{1E1E72C8-B4AD-425C-BE71-A4D9FE3D9729}.Release|Any CPU.ActiveCfg = Release|Any CPU
		{1E1E72C8-B4AD-425C-BE71-A4D9FE3D9729}.Release|Any CPU.Build.0 = Release|Any CPU
		{AC86C2F6-DD1F-4F77-9BBF-1FDEF4DD7D7A}.Debug|Any CPU.ActiveCfg = Debug|Any CPU
		{AC86C2F6-DD1F-4F77-9BBF-1FDEF4DD7D7A}.Debug|Any CPU.Build.0 = Debug|Any CPU
		{AC86C2F6-DD1F-4F77-9BBF-1FDEF4DD7D7A}.Release|Any CPU.ActiveCfg = Release|Any CPU
		{AC86C2F6-DD1F-4F77-9BBF-1FDEF4DD7D7A}.Release|Any CPU.Build.0 = Release|Any CPU
		{59F18635-BF1B-40AC-82BA-F25C1675CE1F}.Debug|Any CPU.ActiveCfg = Debug|Any CPU
		{59F18635-BF1B-40AC-82BA-F25C1675CE1F}.Debug|Any CPU.Build.0 = Debug|Any CPU
		{59F18635-BF1B-40AC-82BA-F25C1675CE1F}.Release|Any CPU.ActiveCfg = Release|Any CPU
		{59F18635-BF1B-40AC-82BA-F25C1675CE1F}.Release|Any CPU.Build.0 = Release|Any CPU
		{F38EC673-50F9-4AE0-BC78-3950323C73CF}.Debug|Any CPU.ActiveCfg = Debug|Any CPU
		{F38EC673-50F9-4AE0-BC78-3950323C73CF}.Debug|Any CPU.Build.0 = Debug|Any CPU
		{F38EC673-50F9-4AE0-BC78-3950323C73CF}.Release|Any CPU.ActiveCfg = Release|Any CPU
		{F38EC673-50F9-4AE0-BC78-3950323C73CF}.Release|Any CPU.Build.0 = Release|Any CPU
		{960EA73C-A74F-4308-84BC-8428274555C3}.Debug|Any CPU.ActiveCfg = Debug|Any CPU
		{960EA73C-A74F-4308-84BC-8428274555C3}.Debug|Any CPU.Build.0 = Debug|Any CPU
		{960EA73C-A74F-4308-84BC-8428274555C3}.Release|Any CPU.ActiveCfg = Release|Any CPU
		{960EA73C-A74F-4308-84BC-8428274555C3}.Release|Any CPU.Build.0 = Release|Any CPU
		{F59540B8-1159-40EE-A164-71287C0DB098}.Debug|Any CPU.ActiveCfg = Debug|Any CPU
		{F59540B8-1159-40EE-A164-71287C0DB098}.Debug|Any CPU.Build.0 = Debug|Any CPU
		{F59540B8-1159-40EE-A164-71287C0DB098}.Release|Any CPU.ActiveCfg = Release|Any CPU
		{F59540B8-1159-40EE-A164-71287C0DB098}.Release|Any CPU.Build.0 = Release|Any CPU
	EndGlobalSection
	GlobalSection(SolutionProperties) = preSolution
		HideSolutionNode = FALSE
	EndGlobalSection
	GlobalSection(ExtensibilityGlobals) = postSolution
		SolutionGuid = {2A5F3DD3-94DD-48D4-8AFD-E4C806B1B846}
	EndGlobalSection
EndGlobal
